
Microsoft Visual Studio Solution File, Format Version 12.00
# Visual Studio Version 17
VisualStudioVersion = 17.10.35122.118
MinimumVisualStudioVersion = 10.0.40219.1
Project("{FAE04EC0-301F-11D3-BF4B-00C04F79EFBC}") = "prioridad de los operadores", "prioridad de los operadores\prioridad de los operadores.csproj", "{34E51854-541A-4AEA-8740-7E586DE1AAB7}"
EndProject
Global
	GlobalSection(SolutionConfigurationPlatforms) = preSolution
		Debug|Any CPU = Debug|Any CPU
		Release|Any CPU = Release|Any CPU
	EndGlobalSection
	GlobalSection(ProjectConfigurationPlatforms) = postSolution
		{34E51854-541A-4AEA-8740-7E586DE1AAB7}.Debug|Any CPU.ActiveCfg = Debug|Any CPU
		{34E51854-541A-4AEA-8740-7E586DE1AAB7}.Debug|Any CPU.Build.0 = Debug|Any CPU
		{34E51854-541A-4AEA-8740-7E586DE1AAB7}.Release|Any CPU.ActiveCfg = Release|Any CPU
		{34E51854-541A-4AEA-8740-7E586DE1AAB7}.Release|Any CPU.Build.0 = Release|Any CPU
	EndGlobalSection
	GlobalSection(SolutionProperties) = preSolution
		HideSolutionNode = FALSE
	EndGlobalSection
	GlobalSection(ExtensibilityGlobals) = postSolution
		SolutionGuid = {95BAF460-D59A-4FE4-8335-EE0A822FE0F4}
	EndGlobalSection
EndGlobal
